
Microsoft Visual Studio Solution File, Format Version 12.00
# Visual Studio Version 17
VisualStudioVersion = 17.11.35222.181
MinimumVisualStudioVersion = 10.0.40219.1
Project("{FAE04EC0-301F-11D3-BF4B-00C04F79EFBC}") = "RAB24_Module03_Skills", "RAB24_Module03_Skills\RAB24_Module03_Skills.csproj", "{8A1C75DC-DA00-43AC-A683-956A87797D09}"
EndProject
Global
	GlobalSection(SolutionConfigurationPlatforms) = preSolution
		Debug R20|Any CPU = Debug R20|Any CPU
		Debug R21|Any CPU = Debug R21|Any CPU
		Debug R22|Any CPU = Debug R22|Any CPU
		Debug R23|Any CPU = Debug R23|Any CPU
		Debug R24|Any CPU = Debug R24|Any CPU
		Debug R25|Any CPU = Debug R25|Any CPU
		Release R20|Any CPU = Release R20|Any CPU
		Release R21|Any CPU = Release R21|Any CPU
		Release R22|Any CPU = Release R22|Any CPU
		Release R23|Any CPU = Release R23|Any CPU
		Release R24|Any CPU = Release R24|Any CPU
		Release R25|Any CPU = Release R25|Any CPU
	EndGlobalSection
	GlobalSection(ProjectConfigurationPlatforms) = postSolution
		{8A1C75DC-DA00-43AC-A683-956A87797D09}.Debug R20|Any CPU.ActiveCfg = Debug R20|Any CPU
		{8A1C75DC-DA00-43AC-A683-956A87797D09}.Debug R20|Any CPU.Build.0 = Debug R20|Any CPU
		{8A1C75DC-DA00-43AC-A683-956A87797D09}.Debug R21|Any CPU.ActiveCfg = Debug R21|Any CPU
		{8A1C75DC-DA00-43AC-A683-956A87797D09}.Debug R21|Any CPU.Build.0 = Debug R21|Any CPU
		{8A1C75DC-DA00-43AC-A683-956A87797D09}.Debug R22|Any CPU.ActiveCfg = Debug R22|Any CPU
		{8A1C75DC-DA00-43AC-A683-956A87797D09}.Debug R22|Any CPU.Build.0 = Debug R22|Any CPU
		{8A1C75DC-DA00-43AC-A683-956A87797D09}.Debug R23|Any CPU.ActiveCfg = Debug R23|Any CPU
		{8A1C75DC-DA00-43AC-A683-956A87797D09}.Debug R23|Any CPU.Build.0 = Debug R23|Any CPU
		{8A1C75DC-DA00-43AC-A683-956A87797D09}.Debug R24|Any CPU.ActiveCfg = Debug R24|Any CPU
		{8A1C75DC-DA00-43AC-A683-956A87797D09}.Debug R24|Any CPU.Build.0 = Debug R24|Any CPU
		{8A1C75DC-DA00-43AC-A683-956A87797D09}.Debug R25|Any CPU.ActiveCfg = Debug R25|Any CPU
		{8A1C75DC-DA00-43AC-A683-956A87797D09}.Debug R25|Any CPU.Build.0 = Debug R25|Any CPU
		{8A1C75DC-DA00-43AC-A683-956A87797D09}.Release R20|Any CPU.ActiveCfg = Release R20|Any CPU
		{8A1C75DC-DA00-43AC-A683-956A87797D09}.Release R20|Any CPU.Build.0 = Release R20|Any CPU
		{8A1C75DC-DA00-43AC-A683-956A87797D09}.Release R21|Any CPU.ActiveCfg = Release R21|Any CPU
		{8A1C75DC-DA00-43AC-A683-956A87797D09}.Release R21|Any CPU.Build.0 = Release R21|Any CPU
		{8A1C75DC-DA00-43AC-A683-956A87797D09}.Release R22|Any CPU.ActiveCfg = Release R22|Any CPU
		{8A1C75DC-DA00-43AC-A683-956A87797D09}.Release R22|Any CPU.Build.0 = Release R22|Any CPU
		{8A1C75DC-DA00-43AC-A683-956A87797D09}.Release R23|Any CPU.ActiveCfg = Release R23|Any CPU
		{8A1C75DC-DA00-43AC-A683-956A87797D09}.Release R23|Any CPU.Build.0 = Release R23|Any CPU
		{8A1C75DC-DA00-43AC-A683-956A87797D09}.Release R24|Any CPU.ActiveCfg = Release R24|Any CPU
		{8A1C75DC-DA00-43AC-A683-956A87797D09}.Release R24|Any CPU.Build.0 = Release R24|Any CPU
		{8A1C75DC-DA00-43AC-A683-956A87797D09}.Release R25|Any CPU.ActiveCfg = Release R25|Any CPU
		{8A1C75DC-DA00-43AC-A683-956A87797D09}.Release R25|Any CPU.Build.0 = Release R25|Any CPU
	EndGlobalSection
	GlobalSection(SolutionProperties) = preSolution
		HideSolutionNode = FALSE
	EndGlobalSection
	GlobalSection(ExtensibilityGlobals) = postSolution
		SolutionGuid = {4A1F0E95-8ECC-42BD-9A27-41A0AB9BF5E7}
	EndGlobalSection
EndGlobal
